
Microsoft Visual Studio Solution File, Format Version 12.00
# Visual Studio Version 16
VisualStudioVersion = 16.0.31515.178
MinimumVisualStudioVersion = 10.0.40219.1
Project("{FAE04EC0-301F-11D3-BF4B-00C04F79EFBC}") = "PVolume", "PVolume\PVolume.csproj", "{CFF0D250-298C-46E9-8D9A-990C39945226}"
EndProject
Global
	GlobalSection(SolutionConfigurationPlatforms) = preSolution
		Debug|Any CPU = Debug|Any CPU
		Release|Any CPU = Release|Any CPU
	EndGlobalSection
	GlobalSection(ProjectConfigurationPlatforms) = postSolution
		{CFF0D250-298C-46E9-8D9A-990C39945226}.Debug|Any CPU.ActiveCfg = Debug|Any CPU
		{CFF0D250-298C-46E9-8D9A-990C39945226}.Debug|Any CPU.Build.0 = Debug|Any CPU
		{CFF0D250-298C-46E9-8D9A-990C39945226}.Release|Any CPU.ActiveCfg = Release|Any CPU
		{CFF0D250-298C-46E9-8D9A-990C39945226}.Release|Any CPU.Build.0 = Release|Any CPU
	EndGlobalSection
	GlobalSection(SolutionProperties) = preSolution
		HideSolutionNode = FALSE
	EndGlobalSection
	GlobalSection(ExtensibilityGlobals) = postSolution
		SolutionGuid = {11A1B6C5-2E52-4868-88A3-1BC2A1B650C1}
	EndGlobalSection
EndGlobal
